
Microsoft Visual Studio Solution File, Format Version 12.00
# Visual Studio Version 17
VisualStudioVersion = 17.3.32819.101
MinimumVisualStudioVersion = 10.0.40219.1
Project("{2150E333-8FDC-42A3-9474-1A3956D46DE8}") = "ENVIRONMENT", "ENVIRONMENT", "{AB9DB3C5-6927-478A-99DE-F0085169042C}"
	ProjectSection(SolutionItems) = preProject
		..\..\.gitignore = ..\..\.gitignore
		..\..\.gitmodules = ..\..\.gitmodules
	EndProjectSection
EndProject
Project("{2150E333-8FDC-42A3-9474-1A3956D46DE8}") = "SOURCE", "SOURCE", "{BFBA7D2A-FBF8-4BD1-914F-903719046442}"
EndProject
Project("{2150E333-8FDC-42A3-9474-1A3956D46DE8}") = "SUBMODULES", "SUBMODULES", "{2BA56BD5-24E2-40E8-B50A-6DC95F2D9AA8}"
EndProject
Project("{2150E333-8FDC-42A3-9474-1A3956D46DE8}") = "BASE", "BASE", "{8B98AC59-1EFF-4069-9D36-D7ADD8817918}"
EndProject
Global
	GlobalSection(SolutionProperties) = preSolution
		HideSolutionNode = FALSE
	EndGlobalSection
	GlobalSection(NestedProjects) = preSolution
		{8B98AC59-1EFF-4069-9D36-D7ADD8817918} = {2BA56BD5-24E2-40E8-B50A-6DC95F2D9AA8}
	EndGlobalSection
	GlobalSection(ExtensibilityGlobals) = postSolution
		SolutionGuid = {851FEAD8-4E24-47F1-A164-F0F3EE62FAA6}
	EndGlobalSection
EndGlobal
